
Microsoft Visual Studio Solution File, Format Version 12.00
Project("{FAE04EC0-301F-11D3-BF4B-00C04F79EFBC}") = "OpenTelemetryAspire.AppHost", "OpentelemetryAspire\OpenTelemetryAspire.AppHost\OpenTelemetryAspire.AppHost.csproj", "{F44C1B68-D9CD-4ADE-8172-1FF5D8527762}"
EndProject
Project("{FAE04EC0-301F-11D3-BF4B-00C04F79EFBC}") = "OpenTelemetryAspire.ServiceDefaults", "OpentelemetryAspire\OpenTelemetryAspire.ServiceDefaults\OpenTelemetryAspire.ServiceDefaults.csproj", "{2D9484A7-6121-4CCD-8559-C5BA19707DED}"
EndProject
Project("{FAE04EC0-301F-11D3-BF4B-00C04F79EFBC}") = "OpenTelemetryAspire.ApiService", "OpentelemetryAspire\OpenTelemetryAspire.ApiService\OpenTelemetryAspire.ApiService.csproj", "{9FF5498B-D56F-4A53-A6F2-98FE35533F09}"
EndProject
Project("{FAE04EC0-301F-11D3-BF4B-00C04F79EFBC}") = "OpenTelemetryAspire.Web", "OpentelemetryAspire\OpenTelemetryAspire.Web\OpenTelemetryAspire.Web.csproj", "{030A1E7E-A382-46BE-9E1C-8CCEC89AE2A6}"
EndProject
Project("{2150E333-8FDC-42A3-9474-1A3956D46DE8}") = "Aspire", "Aspire", "{23D00162-3819-4282-8ED1-1EC1517756DE}"
EndProject
Project("{2150E333-8FDC-42A3-9474-1A3956D46DE8}") = "Solution Items", "Solution Items", "{47D6D022-F9AC-49B0-92E2-ADFE7243AF26}"
	ProjectSection(SolutionItems) = preProject
		.gitignore = .gitignore
		readme.md = readme.md
	EndProjectSection
EndProject
Project("{2150E333-8FDC-42A3-9474-1A3956D46DE8}") = "Getting Started", "Getting Started", "{7B8222E4-BCFB-4AC9-938D-4397D9D683C3}"
EndProject
Project("{FAE04EC0-301F-11D3-BF4B-00C04F79EFBC}") = "WebApplication", "WebApplication\WebApplication.csproj", "{D7612BA0-9268-4EFB-BCD9-A2DF1C7B4D55}"
EndProject
Global
	GlobalSection(SolutionConfigurationPlatforms) = preSolution
		Debug|Any CPU = Debug|Any CPU
		Release|Any CPU = Release|Any CPU
	EndGlobalSection
	GlobalSection(ProjectConfigurationPlatforms) = postSolution
		{F44C1B68-D9CD-4ADE-8172-1FF5D8527762}.Debug|Any CPU.ActiveCfg = Debug|Any CPU
		{F44C1B68-D9CD-4ADE-8172-1FF5D8527762}.Debug|Any CPU.Build.0 = Debug|Any CPU
		{F44C1B68-D9CD-4ADE-8172-1FF5D8527762}.Release|Any CPU.ActiveCfg = Release|Any CPU
		{F44C1B68-D9CD-4ADE-8172-1FF5D8527762}.Release|Any CPU.Build.0 = Release|Any CPU
		{2D9484A7-6121-4CCD-8559-C5BA19707DED}.Debug|Any CPU.ActiveCfg = Debug|Any CPU
		{2D9484A7-6121-4CCD-8559-C5BA19707DED}.Debug|Any CPU.Build.0 = Debug|Any CPU
		{2D9484A7-6121-4CCD-8559-C5BA19707DED}.Release|Any CPU.ActiveCfg = Release|Any CPU
		{2D9484A7-6121-4CCD-8559-C5BA19707DED}.Release|Any CPU.Build.0 = Release|Any CPU
		{9FF5498B-D56F-4A53-A6F2-98FE35533F09}.Debug|Any CPU.ActiveCfg = Debug|Any CPU
		{9FF5498B-D56F-4A53-A6F2-98FE35533F09}.Debug|Any CPU.Build.0 = Debug|Any CPU
		{9FF5498B-D56F-4A53-A6F2-98FE35533F09}.Release|Any CPU.ActiveCfg = Release|Any CPU
		{9FF5498B-D56F-4A53-A6F2-98FE35533F09}.Release|Any CPU.Build.0 = Release|Any CPU
		{030A1E7E-A382-46BE-9E1C-8CCEC89AE2A6}.Debug|Any CPU.ActiveCfg = Debug|Any CPU
		{030A1E7E-A382-46BE-9E1C-8CCEC89AE2A6}.Debug|Any CPU.Build.0 = Debug|Any CPU
		{030A1E7E-A382-46BE-9E1C-8CCEC89AE2A6}.Release|Any CPU.ActiveCfg = Release|Any CPU
		{030A1E7E-A382-46BE-9E1C-8CCEC89AE2A6}.Release|Any CPU.Build.0 = Release|Any CPU
		{D7612BA0-9268-4EFB-BCD9-A2DF1C7B4D55}.Debug|Any CPU.ActiveCfg = Debug|Any CPU
		{D7612BA0-9268-4EFB-BCD9-A2DF1C7B4D55}.Debug|Any CPU.Build.0 = Debug|Any CPU
		{D7612BA0-9268-4EFB-BCD9-A2DF1C7B4D55}.Release|Any CPU.ActiveCfg = Release|Any CPU
		{D7612BA0-9268-4EFB-BCD9-A2DF1C7B4D55}.Release|Any CPU.Build.0 = Release|Any CPU
	EndGlobalSection
	GlobalSection(NestedProjects) = preSolution
		{9FF5498B-D56F-4A53-A6F2-98FE35533F09} = {23D00162-3819-4282-8ED1-1EC1517756DE}
		{F44C1B68-D9CD-4ADE-8172-1FF5D8527762} = {23D00162-3819-4282-8ED1-1EC1517756DE}
		{2D9484A7-6121-4CCD-8559-C5BA19707DED} = {23D00162-3819-4282-8ED1-1EC1517756DE}
		{030A1E7E-A382-46BE-9E1C-8CCEC89AE2A6} = {23D00162-3819-4282-8ED1-1EC1517756DE}
		{D7612BA0-9268-4EFB-BCD9-A2DF1C7B4D55} = {7B8222E4-BCFB-4AC9-938D-4397D9D683C3}
	EndGlobalSection
EndGlobal
